
Microsoft Visual Studio Solution File, Format Version 12.00
# Visual Studio Version 17
VisualStudioVersion = 17.2.32516.85
MinimumVisualStudioVersion = 10.0.40219.1
Project("{FAE04EC0-301F-11D3-BF4B-00C04F79EFBC}") = "Triangle", "Triangle\Triangle.csproj", "{BBA597E6-CBCF-4697-976B-6C7116A5C96F}"
EndProject
Global
	GlobalSection(SolutionConfigurationPlatforms) = preSolution
		Debug|Any CPU = Debug|Any CPU
		Release|Any CPU = Release|Any CPU
	EndGlobalSection
	GlobalSection(ProjectConfigurationPlatforms) = postSolution
		{BBA597E6-CBCF-4697-976B-6C7116A5C96F}.Debug|Any CPU.ActiveCfg = Debug|Any CPU
		{BBA597E6-CBCF-4697-976B-6C7116A5C96F}.Debug|Any CPU.Build.0 = Debug|Any CPU
		{BBA597E6-CBCF-4697-976B-6C7116A5C96F}.Release|Any CPU.ActiveCfg = Release|Any CPU
		{BBA597E6-CBCF-4697-976B-6C7116A5C96F}.Release|Any CPU.Build.0 = Release|Any CPU
	EndGlobalSection
	GlobalSection(SolutionProperties) = preSolution
		HideSolutionNode = FALSE
	EndGlobalSection
	GlobalSection(ExtensibilityGlobals) = postSolution
		SolutionGuid = {A280FD59-EF18-4B06-BEEC-8A570B7704E8}
	EndGlobalSection
EndGlobal
