
Microsoft Visual Studio Solution File, Format Version 12.00
# Visual Studio Version 17
VisualStudioVersion = 17.2.32516.85
MinimumVisualStudioVersion = 10.0.40219.1
Project("{FAE04EC0-301F-11D3-BF4B-00C04F79EFBC}") = "staticDirective", "staticDirective\staticDirective.csproj", "{F842D736-266E-498C-B3A7-259CD71656DD}"
EndProject
Global
	GlobalSection(SolutionConfigurationPlatforms) = preSolution
		Debug|Any CPU = Debug|Any CPU
		Release|Any CPU = Release|Any CPU
	EndGlobalSection
	GlobalSection(ProjectConfigurationPlatforms) = postSolution
		{F842D736-266E-498C-B3A7-259CD71656DD}.Debug|Any CPU.ActiveCfg = Debug|Any CPU
		{F842D736-266E-498C-B3A7-259CD71656DD}.Debug|Any CPU.Build.0 = Debug|Any CPU
		{F842D736-266E-498C-B3A7-259CD71656DD}.Release|Any CPU.ActiveCfg = Release|Any CPU
		{F842D736-266E-498C-B3A7-259CD71656DD}.Release|Any CPU.Build.0 = Release|Any CPU
	EndGlobalSection
	GlobalSection(SolutionProperties) = preSolution
		HideSolutionNode = FALSE
	EndGlobalSection
	GlobalSection(ExtensibilityGlobals) = postSolution
		SolutionGuid = {5724D58C-4CA1-4E98-81C8-4DD24037708F}
	EndGlobalSection
EndGlobal
