
Microsoft Visual Studio Solution File, Format Version 12.00
# Visual Studio Version 17
VisualStudioVersion = 17.2.32516.85
MinimumVisualStudioVersion = 10.0.40219.1
Project("{FAE04EC0-301F-11D3-BF4B-00C04F79EFBC}") = "HeyYou", "HeyYou\HeyYou.csproj", "{AC16201C-D6DE-44CC-927A-A03C33E677CA}"
EndProject
Global
	GlobalSection(SolutionConfigurationPlatforms) = preSolution
		Debug|Any CPU = Debug|Any CPU
		Release|Any CPU = Release|Any CPU
	EndGlobalSection
	GlobalSection(ProjectConfigurationPlatforms) = postSolution
		{AC16201C-D6DE-44CC-927A-A03C33E677CA}.Debug|Any CPU.ActiveCfg = Debug|Any CPU
		{AC16201C-D6DE-44CC-927A-A03C33E677CA}.Debug|Any CPU.Build.0 = Debug|Any CPU
		{AC16201C-D6DE-44CC-927A-A03C33E677CA}.Release|Any CPU.ActiveCfg = Release|Any CPU
		{AC16201C-D6DE-44CC-927A-A03C33E677CA}.Release|Any CPU.Build.0 = Release|Any CPU
	EndGlobalSection
	GlobalSection(SolutionProperties) = preSolution
		HideSolutionNode = FALSE
	EndGlobalSection
	GlobalSection(ExtensibilityGlobals) = postSolution
		SolutionGuid = {1763FCAD-C111-4A97-A7F3-17FA6C193DE0}
	EndGlobalSection
EndGlobal
